
Microsoft Visual Studio Solution File, Format Version 12.00
# Visual Studio 15
VisualStudioVersion = 15.0.28307.852
MinimumVisualStudioVersion = 10.0.40219.1
Project("{FAE04EC0-301F-11D3-BF4B-00C04F79EFBC}") = "ServerCodeMtk-P2-20160140009", "ServerCodeMtk-P2-20160140009\ServerCodeMtk-P2-20160140009.csproj", "{6F927072-F959-43BB-9FD4-6053CB74DC90}"
EndProject
Global
	GlobalSection(SolutionConfigurationPlatforms) = preSolution
		Debug|Any CPU = Debug|Any CPU
		Release|Any CPU = Release|Any CPU
	EndGlobalSection
	GlobalSection(ProjectConfigurationPlatforms) = postSolution
		{6F927072-F959-43BB-9FD4-6053CB74DC90}.Debug|Any CPU.ActiveCfg = Debug|Any CPU
		{6F927072-F959-43BB-9FD4-6053CB74DC90}.Debug|Any CPU.Build.0 = Debug|Any CPU
		{6F927072-F959-43BB-9FD4-6053CB74DC90}.Release|Any CPU.ActiveCfg = Release|Any CPU
		{6F927072-F959-43BB-9FD4-6053CB74DC90}.Release|Any CPU.Build.0 = Release|Any CPU
	EndGlobalSection
	GlobalSection(SolutionProperties) = preSolution
		HideSolutionNode = FALSE
	EndGlobalSection
	GlobalSection(ExtensibilityGlobals) = postSolution
		SolutionGuid = {F6231837-E084-4B0C-8976-9316210BD1F2}
	EndGlobalSection
EndGlobal
